schema: '2.0'
stages:
  ml-25m:
    cmd: python -m zipfile -e ml-25m.zip .
    deps:
    - path: ml-25m.zip
      md5: 6b51fb2759a8657d3bfcbfc42b592ada
      size: 261978986
    outs:
    - path: ml-25m
      md5: 5b3efd91c9cc6cd155a70787b9c2f4cf.dir
      size: 1156670716
      nfiles: 7
  hetrec-ml:
    cmd: python -m zipfile -e hetrec2011-movielens-2k-v2.zip hetrec2011-ml
    deps:
    - path: hetrec2011-movielens-2k-v2.zip
      md5: 3b714d797f1cd512a6676a6e59ab9efc
      size: 18856822
    outs:
    - path: hetrec2011-ml
      md5: 14eadcf2f54b2bc4c135bf1b584f1d4f.dir
      size: 70974650
      nfiles: 13
