{
  "version": "2",
  "remote": {
    "https://deno.land/std@0.184.0/collections/_utils.ts": "5114abc026ddef71207a79609b984614e66a63a4bda17d819d56b0e72c51527e",
    "https://deno.land/std@0.184.0/collections/deep_merge.ts": "5a8ed29030f4471a5272785c57c3455fa79697b9a8f306013a8feae12bafc99a",
    "https://deno.land/std@0.184.0/toml/_parser.ts": "ca98edfbdbc5741734134548db65d4c10ba60abbd739f10f949aa912664fd86e",
    "https://deno.land/std@0.184.0/toml/mod.ts": "b7127578e29155a91a45991e098a5478e6c61d0a4fbd2a99fd08b9043cab2ba1",
    "https://deno.land/std@0.184.0/toml/parse.ts": "e900bafdf35d802519842a303e07a62ea5282186960b3474e8083509ab1c7f0d",
    "https://deno.land/std@0.184.0/toml/stringify.ts": "38cc5cb4fdab3240a76f1732390fd58eaf8fc6fb44ad49eed500b48037a093f7",
    "https://deno.land/x/docopt@v1.0.7/mod.ts": "e3268e295d402259afaebfca30b300788ef4a40a6b3dc442619374689bb9e444",
    "https://deno.land/x/docopt@v1.0.7/src/docopt.ts": "8c760730201453e3ed24937ddf8751868177cc5dec89472aef90b675d6b40efe",
    "https://deno.land/x/docopt@v1.0.7/src/error.ts": "d0cf90ea605653efc9f543f5dbff85d32dd4eab5b0c8cb6a8873fbc2fe12b357",
    "https://deno.land/x/docopt@v1.0.7/src/interoperability.ts": "6353ecfea6c1374710e1e939419897dbb230eb9abd3ff3a9a057d06e46229c08",
    "https://deno.land/x/docopt@v1.0.7/src/parse.ts": "ef9402318c2ed88ce543335b394adc8d3ca9e5dbe336c1c2a9ac4b70adc56c83",
    "https://deno.land/x/docopt@v1.0.7/src/pattern.ts": "281be05c8613b3c4015c50e638c3502e311949a3e88d94d78cacda6b175f52f6",
    "https://deno.land/x/docopt@v1.0.7/src/token.ts": "fd680a204af72e99361598bdb36ba78cad1f5ac3e9acf70ff13f883c19ad97b7",
    "https://deno.land/x/docopt@v1.0.7/src/utils.ts": "52c2a03c68a0ecfe70146e1183ae55bac632dbaf094cf13efdcf2deb178c507d"
  }
}
